
Microsoft Visual Studio Solution File, Format Version 12.00
# Visual Studio Version 17
VisualStudioVersion = 17.7.34018.315
MinimumVisualStudioVersion = 10.0.40219.1
Project("{FAE04EC0-301F-11D3-BF4B-00C04F79EFBC}") = "Német", "Német\Német.csproj", "{A20C51C3-75D7-414E-92D9-81FCDA9B37EE}"
EndProject
Global
	GlobalSection(SolutionConfigurationPlatforms) = preSolution
		Debug|Any CPU = Debug|Any CPU
		Release|Any CPU = Release|Any CPU
	EndGlobalSection
	GlobalSection(ProjectConfigurationPlatforms) = postSolution
		{A20C51C3-75D7-414E-92D9-81FCDA9B37EE}.Debug|Any CPU.ActiveCfg = Debug|Any CPU
		{A20C51C3-75D7-414E-92D9-81FCDA9B37EE}.Debug|Any CPU.Build.0 = Debug|Any CPU
		{A20C51C3-75D7-414E-92D9-81FCDA9B37EE}.Release|Any CPU.ActiveCfg = Release|Any CPU
		{A20C51C3-75D7-414E-92D9-81FCDA9B37EE}.Release|Any CPU.Build.0 = Release|Any CPU
	EndGlobalSection
	GlobalSection(SolutionProperties) = preSolution
		HideSolutionNode = FALSE
	EndGlobalSection
	GlobalSection(ExtensibilityGlobals) = postSolution
		SolutionGuid = {9B0A292F-B535-4BD0-9C7D-9C53F4787C84}
	EndGlobalSection
EndGlobal
