
Microsoft Visual Studio Solution File, Format Version 12.00
# Visual Studio Version 17
VisualStudioVersion = 17.7.34024.191
MinimumVisualStudioVersion = 10.0.40219.1
Project("{FAE04EC0-301F-11D3-BF4B-00C04F79EFBC}") = "Halozat minigame", "Halozat minigame\Halozat minigame.csproj", "{4243CBFE-6CB3-4BC7-90D5-A122670B75EC}"
EndProject
Global
	GlobalSection(SolutionConfigurationPlatforms) = preSolution
		Debug|Any CPU = Debug|Any CPU
		Release|Any CPU = Release|Any CPU
	EndGlobalSection
	GlobalSection(ProjectConfigurationPlatforms) = postSolution
		{4243CBFE-6CB3-4BC7-90D5-A122670B75EC}.Debug|Any CPU.ActiveCfg = Debug|Any CPU
		{4243CBFE-6CB3-4BC7-90D5-A122670B75EC}.Debug|Any CPU.Build.0 = Debug|Any CPU
		{4243CBFE-6CB3-4BC7-90D5-A122670B75EC}.Release|Any CPU.ActiveCfg = Release|Any CPU
		{4243CBFE-6CB3-4BC7-90D5-A122670B75EC}.Release|Any CPU.Build.0 = Release|Any CPU
	EndGlobalSection
	GlobalSection(SolutionProperties) = preSolution
		HideSolutionNode = FALSE
	EndGlobalSection
	GlobalSection(ExtensibilityGlobals) = postSolution
		SolutionGuid = {EA95FDF7-37AB-4DDA-807E-E6D82BC0AB97}
	EndGlobalSection
EndGlobal
