
Microsoft Visual Studio Solution File, Format Version 12.00
# Visual Studio Version 17
VisualStudioVersion = 17.7.34018.315
MinimumVisualStudioVersion = 10.0.40219.1
Project("{FAE04EC0-301F-11D3-BF4B-00C04F79EFBC}") = "Digitális technika", "Digitális technika\Digitális technika.csproj", "{82BCD503-B77F-4CD6-878B-20293AC6E729}"
EndProject
Global
	GlobalSection(SolutionConfigurationPlatforms) = preSolution
		Debug|Any CPU = Debug|Any CPU
		Release|Any CPU = Release|Any CPU
	EndGlobalSection
	GlobalSection(ProjectConfigurationPlatforms) = postSolution
		{82BCD503-B77F-4CD6-878B-20293AC6E729}.Debug|Any CPU.ActiveCfg = Debug|Any CPU
		{82BCD503-B77F-4CD6-878B-20293AC6E729}.Debug|Any CPU.Build.0 = Debug|Any CPU
		{82BCD503-B77F-4CD6-878B-20293AC6E729}.Release|Any CPU.ActiveCfg = Release|Any CPU
		{82BCD503-B77F-4CD6-878B-20293AC6E729}.Release|Any CPU.Build.0 = Release|Any CPU
	EndGlobalSection
	GlobalSection(SolutionProperties) = preSolution
		HideSolutionNode = FALSE
	EndGlobalSection
	GlobalSection(ExtensibilityGlobals) = postSolution
		SolutionGuid = {F672A939-2751-4401-B25A-35FE47F18DE3}
	EndGlobalSection
EndGlobal
